
Microsoft Visual Studio Solution File, Format Version 12.00
# Visual Studio 2015
Project("{FAE04EC0-301F-11D3-BF4B-00C04F79EFBC}") = "Roll a Ball Online.CSharp", "Roll a Ball Online.CSharp.csproj", "{68D54D52-4353-2669-6D11-6CE33396F12A}"
EndProject
Global
	GlobalSection(SolutionConfigurationPlatforms) = preSolution
		Debug|Any CPU = Debug|Any CPU
		Release|Any CPU = Release|Any CPU
	EndGlobalSection
	GlobalSection(ProjectConfigurationPlatforms) = postSolution
		{68D54D52-4353-2669-6D11-6CE33396F12A}.Debug|Any CPU.ActiveCfg = Debug|Any CPU
		{68D54D52-4353-2669-6D11-6CE33396F12A}.Debug|Any CPU.Build.0 = Debug|Any CPU
		{68D54D52-4353-2669-6D11-6CE33396F12A}.Release|Any CPU.ActiveCfg = Release|Any CPU
		{68D54D52-4353-2669-6D11-6CE33396F12A}.Release|Any CPU.Build.0 = Release|Any CPU
	EndGlobalSection
	GlobalSection(SolutionProperties) = preSolution
		HideSolutionNode = FALSE
	EndGlobalSection
EndGlobal
